
Microsoft Visual Studio Solution File, Format Version 12.00
# Visual Studio Version 17
VisualStudioVersion = 17.1.32421.90
MinimumVisualStudioVersion = 10.0.40219.1
Project("{FAE04EC0-301F-11D3-BF4B-00C04F79EFBC}") = "Araba Kayıt Formu", "WindowsFormsApp1\Araba Kayıt Formu.csproj", "{1B7F0B7D-9074-4908-84AE-6C70DC85CF6F}"
EndProject
Global
	GlobalSection(SolutionConfigurationPlatforms) = preSolution
		Debug|Any CPU = Debug|Any CPU
		Release|Any CPU = Release|Any CPU
	EndGlobalSection
	GlobalSection(ProjectConfigurationPlatforms) = postSolution
		{1B7F0B7D-9074-4908-84AE-6C70DC85CF6F}.Debug|Any CPU.ActiveCfg = Debug|Any CPU
		{1B7F0B7D-9074-4908-84AE-6C70DC85CF6F}.Debug|Any CPU.Build.0 = Debug|Any CPU
		{1B7F0B7D-9074-4908-84AE-6C70DC85CF6F}.Release|Any CPU.ActiveCfg = Release|Any CPU
		{1B7F0B7D-9074-4908-84AE-6C70DC85CF6F}.Release|Any CPU.Build.0 = Release|Any CPU
	EndGlobalSection
	GlobalSection(SolutionProperties) = preSolution
		HideSolutionNode = FALSE
	EndGlobalSection
	GlobalSection(ExtensibilityGlobals) = postSolution
		SolutionGuid = {CE1D3526-C454-4F73-8ABB-855CB0F1455B}
	EndGlobalSection
EndGlobal
